
Microsoft Visual Studio Solution File, Format Version 12.00
# Visual Studio Version 16
VisualStudioVersion = 16.0.30804.86
MinimumVisualStudioVersion = 10.0.40219.1
Project("{FAE04EC0-301F-11D3-BF4B-00C04F79EFBC}") = "KineticValidator", "KineticValidator\KineticValidator.csproj", "{D2A68517-91D5-474B-8941-10A53379B382}"
EndProject
Project("{9A19103F-16F7-4668-BE54-9A1E7A4F7556}") = "JsonPathParserLib", "JsonPathParserLib\JsonPathParserLib.csproj", "{D2ED8500-AADC-487B-97D4-408D46DE449C}"
EndProject
Project("{FAE04EC0-301F-11D3-BF4B-00C04F79EFBC}") = "JsonEditorForm", "JsonEditorForm\JsonEditorForm.csproj", "{90AC616B-F41C-4138-9F34-733FA4038A98}"
EndProject
Global
	GlobalSection(SolutionConfigurationPlatforms) = preSolution
		Debug|Any CPU = Debug|Any CPU
		Release|Any CPU = Release|Any CPU
	EndGlobalSection
	GlobalSection(ProjectConfigurationPlatforms) = postSolution
		{D2A68517-91D5-474B-8941-10A53379B382}.Debug|Any CPU.ActiveCfg = Debug|Any CPU
		{D2A68517-91D5-474B-8941-10A53379B382}.Debug|Any CPU.Build.0 = Debug|Any CPU
		{D2A68517-91D5-474B-8941-10A53379B382}.Release|Any CPU.ActiveCfg = Release|Any CPU
		{D2A68517-91D5-474B-8941-10A53379B382}.Release|Any CPU.Build.0 = Release|Any CPU
		{D2ED8500-AADC-487B-97D4-408D46DE449C}.Debug|Any CPU.ActiveCfg = Debug|Any CPU
		{D2ED8500-AADC-487B-97D4-408D46DE449C}.Debug|Any CPU.Build.0 = Debug|Any CPU
		{D2ED8500-AADC-487B-97D4-408D46DE449C}.Release|Any CPU.ActiveCfg = Release|Any CPU
		{D2ED8500-AADC-487B-97D4-408D46DE449C}.Release|Any CPU.Build.0 = Release|Any CPU
		{90AC616B-F41C-4138-9F34-733FA4038A98}.Debug|Any CPU.ActiveCfg = Debug|Any CPU
		{90AC616B-F41C-4138-9F34-733FA4038A98}.Debug|Any CPU.Build.0 = Debug|Any CPU
		{90AC616B-F41C-4138-9F34-733FA4038A98}.Release|Any CPU.ActiveCfg = Release|Any CPU
		{90AC616B-F41C-4138-9F34-733FA4038A98}.Release|Any CPU.Build.0 = Release|Any CPU
	EndGlobalSection
	GlobalSection(SolutionProperties) = preSolution
		HideSolutionNode = FALSE
	EndGlobalSection
	GlobalSection(ExtensibilityGlobals) = postSolution
		SolutionGuid = {6B1D0885-D43E-40E1-AA40-8E8F9D30FEAF}
	EndGlobalSection
EndGlobal
